
Microsoft Visual Studio Solution File, Format Version 12.00
# Visual Studio 15
VisualStudioVersion = 15.0.28307.102
MinimumVisualStudioVersion = 10.0.40219.1
Project("{9A19103F-16F7-4668-BE54-9A1E7A4F7556}") = "zsq.MvcCookieAuth", "zsq.MvcCookieAuth.csproj", "{A737A494-7CAA-4267-B144-04D60C96E3B0}"
EndProject
Global
	GlobalSection(SolutionConfigurationPlatforms) = preSolution
		Debug|Any CPU = Debug|Any CPU
		Release|Any CPU = Release|Any CPU
	EndGlobalSection
	GlobalSection(ProjectConfigurationPlatforms) = postSolution
		{A737A494-7CAA-4267-B144-04D60C96E3B0}.Debug|Any CPU.ActiveCfg = Debug|Any CPU
		{A737A494-7CAA-4267-B144-04D60C96E3B0}.Debug|Any CPU.Build.0 = Debug|Any CPU
		{A737A494-7CAA-4267-B144-04D60C96E3B0}.Release|Any CPU.ActiveCfg = Release|Any CPU
		{A737A494-7CAA-4267-B144-04D60C96E3B0}.Release|Any CPU.Build.0 = Release|Any CPU
	EndGlobalSection
	GlobalSection(SolutionProperties) = preSolution
		HideSolutionNode = FALSE
	EndGlobalSection
	GlobalSection(ExtensibilityGlobals) = postSolution
		SolutionGuid = {4C24115A-06A5-459E-8C26-EB805100B162}
	EndGlobalSection
EndGlobal
